
Microsoft Visual Studio Solution File, Format Version 12.00
# Visual Studio 15
VisualStudioVersion = 15.0.26403.0
MinimumVisualStudioVersion = 10.0.40219.1
Project("{FAE04EC0-301F-11D3-BF4B-00C04F79EFBC}") = "MediaBrowser", "MediaBrowser\MediaBrowser.csproj", "{376DED60-46BA-41F5-81A2-959DE2B725DE}"
EndProject
Project("{FAE04EC0-301F-11D3-BF4B-00C04F79EFBC}") = "MediaLib", "MediaLib\MediaLib.csproj", "{24D71E59-EA11-4B9E-8E9B-0EEC57286CC3}"
EndProject
Project("{FAE04EC0-301F-11D3-BF4B-00C04F79EFBC}") = "medialibtests", "UnitTestProject1\medialibtests.csproj", "{2E3DF5C2-8A38-4A03-86D7-8D463C917E47}"
EndProject
Global
	GlobalSection(SolutionConfigurationPlatforms) = preSolution
		Debug|Any CPU = Debug|Any CPU
		Debug|x64 = Debug|x64
		Debug|x86 = Debug|x86
		Release|Any CPU = Release|Any CPU
		Release|x64 = Release|x64
		Release|x86 = Release|x86
	EndGlobalSection
	GlobalSection(ProjectConfigurationPlatforms) = postSolution
		{376DED60-46BA-41F5-81A2-959DE2B725DE}.Debug|Any CPU.ActiveCfg = Debug|Any CPU
		{376DED60-46BA-41F5-81A2-959DE2B725DE}.Debug|Any CPU.Build.0 = Debug|Any CPU
		{376DED60-46BA-41F5-81A2-959DE2B725DE}.Debug|x64.ActiveCfg = Debug|Any CPU
		{376DED60-46BA-41F5-81A2-959DE2B725DE}.Debug|x64.Build.0 = Debug|Any CPU
		{376DED60-46BA-41F5-81A2-959DE2B725DE}.Debug|x86.ActiveCfg = Debug|Any CPU
		{376DED60-46BA-41F5-81A2-959DE2B725DE}.Debug|x86.Build.0 = Debug|Any CPU
		{376DED60-46BA-41F5-81A2-959DE2B725DE}.Release|Any CPU.ActiveCfg = Release|Any CPU
		{376DED60-46BA-41F5-81A2-959DE2B725DE}.Release|Any CPU.Build.0 = Release|Any CPU
		{376DED60-46BA-41F5-81A2-959DE2B725DE}.Release|x64.ActiveCfg = Release|Any CPU
		{376DED60-46BA-41F5-81A2-959DE2B725DE}.Release|x64.Build.0 = Release|Any CPU
		{376DED60-46BA-41F5-81A2-959DE2B725DE}.Release|x86.ActiveCfg = Release|Any CPU
		{376DED60-46BA-41F5-81A2-959DE2B725DE}.Release|x86.Build.0 = Release|Any CPU
		{24D71E59-EA11-4B9E-8E9B-0EEC57286CC3}.Debug|Any CPU.ActiveCfg = Debug|Any CPU
		{24D71E59-EA11-4B9E-8E9B-0EEC57286CC3}.Debug|Any CPU.Build.0 = Debug|Any CPU
		{24D71E59-EA11-4B9E-8E9B-0EEC57286CC3}.Debug|x64.ActiveCfg = Debug|Any CPU
		{24D71E59-EA11-4B9E-8E9B-0EEC57286CC3}.Debug|x64.Build.0 = Debug|Any CPU
		{24D71E59-EA11-4B9E-8E9B-0EEC57286CC3}.Debug|x86.ActiveCfg = Debug|Any CPU
		{24D71E59-EA11-4B9E-8E9B-0EEC57286CC3}.Debug|x86.Build.0 = Debug|Any CPU
		{24D71E59-EA11-4B9E-8E9B-0EEC57286CC3}.Release|Any CPU.ActiveCfg = Release|Any CPU
		{24D71E59-EA11-4B9E-8E9B-0EEC57286CC3}.Release|Any CPU.Build.0 = Release|Any CPU
		{24D71E59-EA11-4B9E-8E9B-0EEC57286CC3}.Release|x64.ActiveCfg = Release|Any CPU
		{24D71E59-EA11-4B9E-8E9B-0EEC57286CC3}.Release|x64.Build.0 = Release|Any CPU
		{24D71E59-EA11-4B9E-8E9B-0EEC57286CC3}.Release|x86.ActiveCfg = Release|Any CPU
		{24D71E59-EA11-4B9E-8E9B-0EEC57286CC3}.Release|x86.Build.0 = Release|Any CPU
		{2E3DF5C2-8A38-4A03-86D7-8D463C917E47}.Debug|Any CPU.ActiveCfg = Debug|Any CPU
		{2E3DF5C2-8A38-4A03-86D7-8D463C917E47}.Debug|Any CPU.Build.0 = Debug|Any CPU
		{2E3DF5C2-8A38-4A03-86D7-8D463C917E47}.Debug|x64.ActiveCfg = Debug|Any CPU
		{2E3DF5C2-8A38-4A03-86D7-8D463C917E47}.Debug|x64.Build.0 = Debug|Any CPU
		{2E3DF5C2-8A38-4A03-86D7-8D463C917E47}.Debug|x86.ActiveCfg = Debug|Any CPU
		{2E3DF5C2-8A38-4A03-86D7-8D463C917E47}.Debug|x86.Build.0 = Debug|Any CPU
		{2E3DF5C2-8A38-4A03-86D7-8D463C917E47}.Release|Any CPU.ActiveCfg = Release|Any CPU
		{2E3DF5C2-8A38-4A03-86D7-8D463C917E47}.Release|Any CPU.Build.0 = Release|Any CPU
		{2E3DF5C2-8A38-4A03-86D7-8D463C917E47}.Release|x64.ActiveCfg = Release|Any CPU
		{2E3DF5C2-8A38-4A03-86D7-8D463C917E47}.Release|x64.Build.0 = Release|Any CPU
		{2E3DF5C2-8A38-4A03-86D7-8D463C917E47}.Release|x86.ActiveCfg = Release|Any CPU
		{2E3DF5C2-8A38-4A03-86D7-8D463C917E47}.Release|x86.Build.0 = Release|Any CPU
	EndGlobalSection
	GlobalSection(SolutionProperties) = preSolution
		HideSolutionNode = FALSE
	EndGlobalSection
EndGlobal
