
Microsoft Visual Studio Solution File, Format Version 12.00
# Visual Studio 15
VisualStudioVersion = 15.0.26403.0
MinimumVisualStudioVersion = 10.0.40219.1
Project("{FAE04EC0-301F-11D3-BF4B-00C04F79EFBC}") = "MediaBrowser", "MediaBrowser\MediaBrowser.csproj", "{376DED60-46BA-41F5-81A2-959DE2B725DE}"
EndProject
Project("{FAE04EC0-301F-11D3-BF4B-00C04F79EFBC}") = "ModelTests", "ModelTests\ModelTests.csproj", "{040CB021-BFD0-4FB6-94F2-49E77DE48BDE}"
EndProject
Project("{FAE04EC0-301F-11D3-BF4B-00C04F79EFBC}") = "VFS", "VFS\VFS.csproj", "{2E389516-9FBA-4382-AFEE-A56E4E79AE02}"
EndProject
Global
	GlobalSection(SolutionConfigurationPlatforms) = preSolution
		Debug|Any CPU = Debug|Any CPU
		Debug|x64 = Debug|x64
		Debug|x86 = Debug|x86
		Release|Any CPU = Release|Any CPU
		Release|x64 = Release|x64
		Release|x86 = Release|x86
	EndGlobalSection
	GlobalSection(ProjectConfigurationPlatforms) = postSolution
		{376DED60-46BA-41F5-81A2-959DE2B725DE}.Debug|Any CPU.ActiveCfg = Debug|Any CPU
		{376DED60-46BA-41F5-81A2-959DE2B725DE}.Debug|Any CPU.Build.0 = Debug|Any CPU
		{376DED60-46BA-41F5-81A2-959DE2B725DE}.Debug|x64.ActiveCfg = Debug|Any CPU
		{376DED60-46BA-41F5-81A2-959DE2B725DE}.Debug|x64.Build.0 = Debug|Any CPU
		{376DED60-46BA-41F5-81A2-959DE2B725DE}.Debug|x86.ActiveCfg = Debug|Any CPU
		{376DED60-46BA-41F5-81A2-959DE2B725DE}.Debug|x86.Build.0 = Debug|Any CPU
		{376DED60-46BA-41F5-81A2-959DE2B725DE}.Release|Any CPU.ActiveCfg = Release|Any CPU
		{376DED60-46BA-41F5-81A2-959DE2B725DE}.Release|Any CPU.Build.0 = Release|Any CPU
		{376DED60-46BA-41F5-81A2-959DE2B725DE}.Release|x64.ActiveCfg = Release|Any CPU
		{376DED60-46BA-41F5-81A2-959DE2B725DE}.Release|x64.Build.0 = Release|Any CPU
		{376DED60-46BA-41F5-81A2-959DE2B725DE}.Release|x86.ActiveCfg = Release|Any CPU
		{376DED60-46BA-41F5-81A2-959DE2B725DE}.Release|x86.Build.0 = Release|Any CPU
		{040CB021-BFD0-4FB6-94F2-49E77DE48BDE}.Debug|Any CPU.ActiveCfg = Debug|Any CPU
		{040CB021-BFD0-4FB6-94F2-49E77DE48BDE}.Debug|Any CPU.Build.0 = Debug|Any CPU
		{040CB021-BFD0-4FB6-94F2-49E77DE48BDE}.Debug|x64.ActiveCfg = Debug|Any CPU
		{040CB021-BFD0-4FB6-94F2-49E77DE48BDE}.Debug|x64.Build.0 = Debug|Any CPU
		{040CB021-BFD0-4FB6-94F2-49E77DE48BDE}.Debug|x86.ActiveCfg = Debug|Any CPU
		{040CB021-BFD0-4FB6-94F2-49E77DE48BDE}.Debug|x86.Build.0 = Debug|Any CPU
		{040CB021-BFD0-4FB6-94F2-49E77DE48BDE}.Release|Any CPU.ActiveCfg = Release|Any CPU
		{040CB021-BFD0-4FB6-94F2-49E77DE48BDE}.Release|Any CPU.Build.0 = Release|Any CPU
		{040CB021-BFD0-4FB6-94F2-49E77DE48BDE}.Release|x64.ActiveCfg = Release|Any CPU
		{040CB021-BFD0-4FB6-94F2-49E77DE48BDE}.Release|x64.Build.0 = Release|Any CPU
		{040CB021-BFD0-4FB6-94F2-49E77DE48BDE}.Release|x86.ActiveCfg = Release|Any CPU
		{040CB021-BFD0-4FB6-94F2-49E77DE48BDE}.Release|x86.Build.0 = Release|Any CPU
		{2E389516-9FBA-4382-AFEE-A56E4E79AE02}.Debug|Any CPU.ActiveCfg = Debug|Any CPU
		{2E389516-9FBA-4382-AFEE-A56E4E79AE02}.Debug|Any CPU.Build.0 = Debug|Any CPU
		{2E389516-9FBA-4382-AFEE-A56E4E79AE02}.Debug|x64.ActiveCfg = Debug|Any CPU
		{2E389516-9FBA-4382-AFEE-A56E4E79AE02}.Debug|x64.Build.0 = Debug|Any CPU
		{2E389516-9FBA-4382-AFEE-A56E4E79AE02}.Debug|x86.ActiveCfg = Debug|Any CPU
		{2E389516-9FBA-4382-AFEE-A56E4E79AE02}.Debug|x86.Build.0 = Debug|Any CPU
		{2E389516-9FBA-4382-AFEE-A56E4E79AE02}.Release|Any CPU.ActiveCfg = Release|Any CPU
		{2E389516-9FBA-4382-AFEE-A56E4E79AE02}.Release|Any CPU.Build.0 = Release|Any CPU
		{2E389516-9FBA-4382-AFEE-A56E4E79AE02}.Release|x64.ActiveCfg = Release|Any CPU
		{2E389516-9FBA-4382-AFEE-A56E4E79AE02}.Release|x64.Build.0 = Release|Any CPU
		{2E389516-9FBA-4382-AFEE-A56E4E79AE02}.Release|x86.ActiveCfg = Release|Any CPU
		{2E389516-9FBA-4382-AFEE-A56E4E79AE02}.Release|x86.Build.0 = Release|Any CPU
	EndGlobalSection
	GlobalSection(SolutionProperties) = preSolution
		HideSolutionNode = FALSE
	EndGlobalSection
EndGlobal
